// !$*UTF8*$!
{
	archiveVersion = 1;
	classes = {
	};
	objectVersion = 51;
	objects = {

/* Begin PBXBuildFile section */
		040691BA22FAD2DA000EDA0C /* VicationViewController.swift in Sources */ = {isa = PBXBuildFile; fileRef = 040691B922FAD2DA000EDA0C /* VicationViewController.swift */; };
		040691BD22FAD308000EDA0C /* PayRollViewController.swift in Sources */ = {isa = PBXBuildFile; fileRef = 040691BC22FAD308000EDA0C /* PayRollViewController.swift */; };
		04145E5422B69C040084222C /* SplashViewController.swift in Sources */ = {isa = PBXBuildFile; fileRef = 04145E5322B69C040084222C /* SplashViewController.swift */; };
		0418A09B22FC580900739A3B /* Assets.xcassets in Resources */ = {isa = PBXBuildFile; fileRef = 0418A09A22FC580900739A3B /* Assets.xcassets */; };
		042445D522B78F7B0089C817 /* LoginViewController.swift in Sources */ = {isa = PBXBuildFile; fileRef = 042445D422B78F7B0089C817 /* LoginViewController.swift */; };
		042445D822B7ABAC0089C817 /* BaseNavigationController.swift in Sources */ = {isa = PBXBuildFile; fileRef = 042445D722B7ABAC0089C817 /* BaseNavigationController.swift */; };
		042445DB22B98F5C0089C817 /* CircularProgress.swift in Sources */ = {isa = PBXBuildFile; fileRef = 042445DA22B98F5C0089C817 /* CircularProgress.swift */; };
		042BCCF022E4A4FB00090D76 /* BaseUiTabController.swift in Sources */ = {isa = PBXBuildFile; fileRef = 042BCCEF22E4A4FB00090D76 /* BaseUiTabController.swift */; };
		042C00A622BEA713000546D0 /* ValidationError.swift in Sources */ = {isa = PBXBuildFile; fileRef = 042C00A522BEA713000546D0 /* ValidationError.swift */; };
		042C00B222BECA87000546D0 /* Validator.swift in Sources */ = {isa = PBXBuildFile; fileRef = 042C00B122BECA87000546D0 /* Validator.swift */; };
		042CFB3822D5FE9B005D2D58 /* UiUtiletes.swift in Sources */ = {isa = PBXBuildFile; fileRef = 042CFB3722D5FE9B005D2D58 /* UiUtiletes.swift */; };
		042F7B8222C0DCB90059E5B4 /* AppConstants.swift in Sources */ = {isa = PBXBuildFile; fileRef = 042F7B8122C0DCB90059E5B4 /* AppConstants.swift */; };
		042F7B8422C1055F0059E5B4 /* NetworkBaseError.swift in Sources */ = {isa = PBXBuildFile; fileRef = 042F7B8322C1055F0059E5B4 /* NetworkBaseError.swift */; };
		042F7B8722C26E7F0059E5B4 /* PrefUtil.swift in Sources */ = {isa = PBXBuildFile; fileRef = 042F7B8622C26E7F0059E5B4 /* PrefUtil.swift */; };
		042F7B8B22C378DD0059E5B4 /* Constants.swift in Sources */ = {isa = PBXBuildFile; fileRef = 042F7B8A22C378DD0059E5B4 /* Constants.swift */; };
		042F7B9122C37FC80059E5B4 /* MainStateViewController.swift in Sources */ = {isa = PBXBuildFile; fileRef = 042F7B9022C37FC80059E5B4 /* MainStateViewController.swift */; };
		042F7BA422C4E0090059E5B4 /* GeotificationBaseViewController.swift in Sources */ = {isa = PBXBuildFile; fileRef = 042F7BA322C4E0090059E5B4 /* GeotificationBaseViewController.swift */; };
		043457C82317E66900D20414 /* Main.storyboard in Resources */ = {isa = PBXBuildFile; fileRef = 043457CA2317E66900D20414 /* Main.storyboard */; };
		043DE00F22D105A0006A084E /* MoreViewController.swift in Sources */ = {isa = PBXBuildFile; fileRef = 043DE00E22D105A0006A084E /* MoreViewController.swift */; };
		043DE01122D145BA006A084E /* NavigationManger.swift in Sources */ = {isa = PBXBuildFile; fileRef = 043DE01022D145BA006A084E /* NavigationManger.swift */; };
		043DE01322D1BCAB006A084E /* LanguageDetails.swift in Sources */ = {isa = PBXBuildFile; fileRef = 043DE01222D1BCAB006A084E /* LanguageDetails.swift */; };
		043E2DF72315463400C91286 /* ClockViewController.swift in Sources */ = {isa = PBXBuildFile; fileRef = 043E2DF32315463300C91286 /* ClockViewController.swift */; };
		043E2DF82315463400C91286 /* StyleKit_ConsensusGraph.swift in Sources */ = {isa = PBXBuildFile; fileRef = 043E2DF42315463300C91286 /* StyleKit_ConsensusGraph.swift */; };
		043E2DF92315463400C91286 /* StateDiagram.swift in Sources */ = {isa = PBXBuildFile; fileRef = 043E2DF52315463300C91286 /* StateDiagram.swift */; };
		043E2DFA2315463400C91286 /* ClockView.swift in Sources */ = {isa = PBXBuildFile; fileRef = 043E2DF62315463400C91286 /* ClockView.swift */; };
		043E2DFC231547BA00C91286 /* LoginAttendStatus.swift in Sources */ = {isa = PBXBuildFile; fileRef = 043E2DFB231547BA00C91286 /* LoginAttendStatus.swift */; };
		043E2DFE2315486E00C91286 /* LoginUserData.swift in Sources */ = {isa = PBXBuildFile; fileRef = 043E2DFD2315486E00C91286 /* LoginUserData.swift */; };
		043E2E002315491B00C91286 /* LoginResponse.swift in Sources */ = {isa = PBXBuildFile; fileRef = 043E2DFF2315491B00C91286 /* LoginResponse.swift */; };
		043E2E02231549AD00C91286 /* LoginData.swift in Sources */ = {isa = PBXBuildFile; fileRef = 043E2E01231549AC00C91286 /* LoginData.swift */; };
		043E2E042315574100C91286 /* APIRouter.swift in Sources */ = {isa = PBXBuildFile; fileRef = 043E2E032315574100C91286 /* APIRouter.swift */; };
		043E2E132317DA0200C91286 /* Geotification.swift in Sources */ = {isa = PBXBuildFile; fileRef = 043E2E122317DA0200C91286 /* Geotification.swift */; };
		043E2E152317DAD700C91286 /* DateHelper.swift in Sources */ = {isa = PBXBuildFile; fileRef = 043E2E142317DAD700C91286 /* DateHelper.swift */; };
		043E2E192317DB9000C91286 /* RPCircularProgress.swift in Sources */ = {isa = PBXBuildFile; fileRef = 043E2E182317DB9000C91286 /* RPCircularProgress.swift */; };
		043E2E1D2317DC4500C91286 /* StyleKit_Clock.swift in Sources */ = {isa = PBXBuildFile; fileRef = 043E2E1C2317DC4500C91286 /* StyleKit_Clock.swift */; };
		0443D47122CB8A9300FDDE64 /* CheckStatusResponse.swift in Sources */ = {isa = PBXBuildFile; fileRef = 0443D47022CB8A9300FDDE64 /* CheckStatusResponse.swift */; };
		04484A2C22E27B9D0057BDB3 /* Localizable.strings in Resources */ = {isa = PBXBuildFile; fileRef = 04484A2E22E27B9D0057BDB3 /* Localizable.strings */; };
		04484A3122E3B3B40057BDB3 /* LanguageManager.swift in Sources */ = {isa = PBXBuildFile; fileRef = 04484A3022E3B3B40057BDB3 /* LanguageManager.swift */; };
		0462D21722C9220F00A459CE /* Utiletes.swift in Sources */ = {isa = PBXBuildFile; fileRef = 0462D21622C9220F00A459CE /* Utiletes.swift */; };
		047AB49B2393EF160019F259 /* AttendPresenterImpl.swift in Sources */ = {isa = PBXBuildFile; fileRef = 047AB49A2393EF160019F259 /* AttendPresenterImpl.swift */; };
		047AB49D2393EF220019F259 /* AttendPresenter.swift in Sources */ = {isa = PBXBuildFile; fileRef = 047AB49C2393EF220019F259 /* AttendPresenter.swift */; };
		047AB49F2393EF3A0019F259 /* AttendView.swift in Sources */ = {isa = PBXBuildFile; fileRef = 047AB49E2393EF3A0019F259 /* AttendView.swift */; };
		047AB4A42393EF600019F259 /* AttendViewController.swift in Sources */ = {isa = PBXBuildFile; fileRef = 047AB4A32393EF600019F259 /* AttendViewController.swift */; };
		047AB4A82393F5080019F259 /* MainStateView.swift in Sources */ = {isa = PBXBuildFile; fileRef = 047AB4A72393F5080019F259 /* MainStateView.swift */; };
		047AB4AA2393F5AE0019F259 /* MainStatePresenter.swift in Sources */ = {isa = PBXBuildFile; fileRef = 047AB4A92393F5AE0019F259 /* MainStatePresenter.swift */; };
		047AB4AC2393F5BF0019F259 /* MainStatePresenterImpl.swift in Sources */ = {isa = PBXBuildFile; fileRef = 047AB4AB2393F5BF0019F259 /* MainStatePresenterImpl.swift */; };
		047AB4B6239677210019F259 /* CustomTabBarController.swift in Sources */ = {isa = PBXBuildFile; fileRef = 047AB4B5239677210019F259 /* CustomTabBarController.swift */; };
		04CB6A0B23A6500300E57D43 /* ApprovedViewController.swift in Sources */ = {isa = PBXBuildFile; fileRef = 04CB6A0A23A6500300E57D43 /* ApprovedViewController.swift */; };
		04CB6A0D23A6501700E57D43 /* RejectedViewController.swift in Sources */ = {isa = PBXBuildFile; fileRef = 04CB6A0C23A6501700E57D43 /* RejectedViewController.swift */; };
		04CB6A0F23A6669300E57D43 /* PendingListViewController.swift in Sources */ = {isa = PBXBuildFile; fileRef = 04CB6A0E23A6669300E57D43 /* PendingListViewController.swift */; };
		04CB6A1723A6785500E57D43 /* CustomVacationCell.swift in Sources */ = {isa = PBXBuildFile; fileRef = 04CB6A1623A6785500E57D43 /* CustomVacationCell.swift */; };
		04CB6A2A23A8ED7D00E57D43 /* UIView.swift in Sources */ = {isa = PBXBuildFile; fileRef = 04CB6A2923A8ED7D00E57D43 /* UIView.swift */; };
		04CB6A2C23A8FAE100E57D43 /* Vacation.swift in Sources */ = {isa = PBXBuildFile; fileRef = 04CB6A2B23A8FAE100E57D43 /* Vacation.swift */; };
		04CB6A2F23A8FB1400E57D43 /* PendingVacationResponse.swift in Sources */ = {isa = PBXBuildFile; fileRef = 04CB6A2E23A8FB1400E57D43 /* PendingVacationResponse.swift */; };
		04CB6A3123A8FB4F00E57D43 /* PendingVacationData.swift in Sources */ = {isa = PBXBuildFile; fileRef = 04CB6A3023A8FB4F00E57D43 /* PendingVacationData.swift */; };
		04CB6A3523A8FEEE00E57D43 /* PendingVacationPresenter.swift in Sources */ = {isa = PBXBuildFile; fileRef = 04CB6A3423A8FEEE00E57D43 /* PendingVacationPresenter.swift */; };
		04CB6A3723A8FF3B00E57D43 /* PendingVacationPresenterImpl.swift in Sources */ = {isa = PBXBuildFile; fileRef = 04CB6A3623A8FF3B00E57D43 /* PendingVacationPresenterImpl.swift */; };
		04CB6A3923A8FFD600E57D43 /* PendingVacationView.swift in Sources */ = {isa = PBXBuildFile; fileRef = 04CB6A3823A8FFD600E57D43 /* PendingVacationView.swift */; };
		04CB6A3B23ABA03500E57D43 /* VacationDataSource.swift in Sources */ = {isa = PBXBuildFile; fileRef = 04CB6A3A23ABA03500E57D43 /* VacationDataSource.swift */; };
		04D0AE1423743C6A001A66C5 /* QrReaderViewController.swift in Sources */ = {isa = PBXBuildFile; fileRef = 04D0AE1323743C6A001A66C5 /* QrReaderViewController.swift */; };
		04D0AE1623743CB4001A66C5 /* BaseViewController.swift in Sources */ = {isa = PBXBuildFile; fileRef = 04D0AE1523743CB4001A66C5 /* BaseViewController.swift */; };
		04D9DAB122B57D88002C59E5 /* AppDelegate.swift in Sources */ = {isa = PBXBuildFile; fileRef = 04D9DAB022B57D88002C59E5 /* AppDelegate.swift */; };
		04FC5B7923B23BDA00DFF5CC /* DeletePendingVacationResponse.swift in Sources */ = {isa = PBXBuildFile; fileRef = 04FC5B7823B23BDA00DFF5CC /* DeletePendingVacationResponse.swift */; };
		04FC5B7B23B23EBB00DFF5CC /* DeleteVacationData.swift in Sources */ = {isa = PBXBuildFile; fileRef = 04FC5B7A23B23EBB00DFF5CC /* DeleteVacationData.swift */; };
		04FC5B7F23B24F9B00DFF5CC /* ApprovedVacationView.swift in Sources */ = {isa = PBXBuildFile; fileRef = 04FC5B7E23B24F9B00DFF5CC /* ApprovedVacationView.swift */; };
		04FC5B8423B255C000DFF5CC /* ApprovedVacationPresenter.swift in Sources */ = {isa = PBXBuildFile; fileRef = 04FC5B8323B255C000DFF5CC /* ApprovedVacationPresenter.swift */; };
		04FC5B8623B255DA00DFF5CC /* ApprovedVacationPresenterImpl.swift in Sources */ = {isa = PBXBuildFile; fileRef = 04FC5B8523B255DA00DFF5CC /* ApprovedVacationPresenterImpl.swift */; };
		04FC5B8823B2605C00DFF5CC /* ApprovedVacationResponse.swift in Sources */ = {isa = PBXBuildFile; fileRef = 04FC5B8723B2605C00DFF5CC /* ApprovedVacationResponse.swift */; };
		04FC5B8A23B2608A00DFF5CC /* ApprovedVacationData.swift in Sources */ = {isa = PBXBuildFile; fileRef = 04FC5B8923B2608A00DFF5CC /* ApprovedVacationData.swift */; };
		04FC5B8F23B3627900DFF5CC /* RejectedVacationControllerView.swift in Sources */ = {isa = PBXBuildFile; fileRef = 04FC5B8E23B3627900DFF5CC /* RejectedVacationControllerView.swift */; };
		04FC5B9123B3636500DFF5CC /* RejectedVacationPresenter.swift in Sources */ = {isa = PBXBuildFile; fileRef = 04FC5B9023B3636500DFF5CC /* RejectedVacationPresenter.swift */; };
		04FC5B9323B363EF00DFF5CC /* RejectedVacationPresenterImpl.swift in Sources */ = {isa = PBXBuildFile; fileRef = 04FC5B9223B363EF00DFF5CC /* RejectedVacationPresenterImpl.swift */; };
		04FC5B9523B3733A00DFF5CC /* RejectedVacationResponse.swift in Sources */ = {isa = PBXBuildFile; fileRef = 04FC5B9423B3733A00DFF5CC /* RejectedVacationResponse.swift */; };
		04FC5B9723B3738500DFF5CC /* RejectedVacationData.swift in Sources */ = {isa = PBXBuildFile; fileRef = 04FC5B9623B3738500DFF5CC /* RejectedVacationData.swift */; };
		04FC5B9A23B4C41400DFF5CC /* NewVacationController.swift in Sources */ = {isa = PBXBuildFile; fileRef = 04FC5B9923B4C41400DFF5CC /* NewVacationController.swift */; };
		04FC5B9F23B8C4A500DFF5CC /* NewVacationDatePackerView.xib in Resources */ = {isa = PBXBuildFile; fileRef = 04FC5B9E23B8C4A400DFF5CC /* NewVacationDatePackerView.xib */; };
		04FC5BA123B8C55100DFF5CC /* NewVacationDatePackerView.swift in Sources */ = {isa = PBXBuildFile; fileRef = 04FC5BA023B8C55100DFF5CC /* NewVacationDatePackerView.swift */; };
		373224916E35356046CB5DC0 /* Pods_SpidersAttendTests.framework in Frameworks */ = {isa = PBXBuildFile; fileRef = 0A19E310F5A98EAC1E8DB29B /* Pods_SpidersAttendTests.framework */; };
		BC77A66F4DF90EB36BA6B058 /* Pods_SpidersAttend.framework in Frameworks */ = {isa = PBXBuildFile; fileRef = 5F03338B41CCC994A4315B19 /* Pods_SpidersAttend.framework */; };
		E414BA7822369FE72E86284C /* Pods_SpidersAttendUITests.framework in Frameworks */ = {isa = PBXBuildFile; fileRef = 9441EA6385963C69C1D15754 /* Pods_SpidersAttendUITests.framework */; };
/* End PBXBuildFile section */

/* Begin PBXContainerItemProxy section */
		04D9DAC222B57D8A002C59E5 /* PBXContainerItemProxy */ = {
			isa = PBXContainerItemProxy;
			containerPortal = 04D9DAA522B57D88002C59E5 /* Project object */;
			proxyType = 1;
			remoteGlobalIDString = 04D9DAAC22B57D88002C59E5;
			remoteInfo = SpidersAttend;
		};
		04D9DACD22B57D8A002C59E5 /* PBXContainerItemProxy */ = {
			isa = PBXContainerItemProxy;
			containerPortal = 04D9DAA522B57D88002C59E5 /* Project object */;
			proxyType = 1;
			remoteGlobalIDString = 04D9DAAC22B57D88002C59E5;
			remoteInfo = SpidersAttend;
		};
/* End PBXContainerItemProxy section */

/* Begin PBXFileReference section */
		040691B922FAD2DA000EDA0C /* VicationViewController.swift */ = {isa = PBXFileReference; lastKnownFileType = sourcecode.swift; path = VicationViewController.swift; sourceTree = "<group>"; };
		040691BC22FAD308000EDA0C /* PayRollViewController.swift */ = {isa = PBXFileReference; lastKnownFileType = sourcecode.swift; path = PayRollViewController.swift; sourceTree = "<group>"; };
		04145E5322B69C040084222C /* SplashViewController.swift */ = {isa = PBXFileReference; lastKnownFileType = sourcecode.swift; path = SplashViewController.swift; sourceTree = "<group>"; };
		0418A09A22FC580900739A3B /* Assets.xcassets */ = {isa = PBXFileReference; lastKnownFileType = folder.assetcatalog; path = Assets.xcassets; sourceTree = "<group>"; };
		042445D422B78F7B0089C817 /* LoginViewController.swift */ = {isa = PBXFileReference; lastKnownFileType = sourcecode.swift; path = LoginViewController.swift; sourceTree = "<group>"; };
		042445D722B7ABAC0089C817 /* BaseNavigationController.swift */ = {isa = PBXFileReference; lastKnownFileType = sourcecode.swift; path = BaseNavigationController.swift; sourceTree = "<group>"; };
		042445DA22B98F5C0089C817 /* CircularProgress.swift */ = {isa = PBXFileReference; lastKnownFileType = sourcecode.swift; path = CircularProgress.swift; sourceTree = "<group>"; };
		042BCCEF22E4A4FB00090D76 /* BaseUiTabController.swift */ = {isa = PBXFileReference; lastKnownFileType = sourcecode.swift; path = BaseUiTabController.swift; sourceTree = "<group>"; };
		042C00A522BEA713000546D0 /* ValidationError.swift */ = {isa = PBXFileReference; lastKnownFileType = sourcecode.swift; path = ValidationError.swift; sourceTree = "<group>"; };
		042C00B122BECA87000546D0 /* Validator.swift */ = {isa = PBXFileReference; lastKnownFileType = sourcecode.swift; path = Validator.swift; sourceTree = "<group>"; };
		042CFB3722D5FE9B005D2D58 /* UiUtiletes.swift */ = {isa = PBXFileReference; lastKnownFileType = sourcecode.swift; path = UiUtiletes.swift; sourceTree = "<group>"; };
		042F7B8122C0DCB90059E5B4 /* AppConstants.swift */ = {isa = PBXFileReference; lastKnownFileType = sourcecode.swift; path = AppConstants.swift; sourceTree = "<group>"; };
		042F7B8322C1055F0059E5B4 /* NetworkBaseError.swift */ = {isa = PBXFileReference; lastKnownFileType = sourcecode.swift; path = NetworkBaseError.swift; sourceTree = "<group>"; };
		042F7B8622C26E7F0059E5B4 /* PrefUtil.swift */ = {isa = PBXFileReference; lastKnownFileType = sourcecode.swift; path = PrefUtil.swift; sourceTree = "<group>"; };
		042F7B8A22C378DD0059E5B4 /* Constants.swift */ = {isa = PBXFileReference; lastKnownFileType = sourcecode.swift; path = Constants.swift; sourceTree = "<group>"; };
		042F7B9022C37FC80059E5B4 /* MainStateViewController.swift */ = {isa = PBXFileReference; lastKnownFileType = sourcecode.swift; path = MainStateViewController.swift; sourceTree = "<group>"; };
		042F7BA322C4E0090059E5B4 /* GeotificationBaseViewController.swift */ = {isa = PBXFileReference; lastKnownFileType = sourcecode.swift; path = GeotificationBaseViewController.swift; sourceTree = "<group>"; };
		043457C92317E66900D20414 /* Base */ = {isa = PBXFileReference; lastKnownFileType = file.storyboard; name = Base; path = Base.lproj/Main.storyboard; sourceTree = "<group>"; };
		043DE00E22D105A0006A084E /* MoreViewController.swift */ = {isa = PBXFileReference; lastKnownFileType = sourcecode.swift; path = MoreViewController.swift; sourceTree = "<group>"; };
		043DE01022D145BA006A084E /* NavigationManger.swift */ = {isa = PBXFileReference; lastKnownFileType = sourcecode.swift; path = NavigationManger.swift; sourceTree = "<group>"; };
		043DE01222D1BCAB006A084E /* LanguageDetails.swift */ = {isa = PBXFileReference; lastKnownFileType = sourcecode.swift; path = LanguageDetails.swift; sourceTree = "<group>"; };
		043E2DF32315463300C91286 /* ClockViewController.swift */ = {isa = PBXFileReference; fileEncoding = 4; lastKnownFileType = sourcecode.swift; path = ClockViewController.swift; sourceTree = "<group>"; };
		043E2DF42315463300C91286 /* StyleKit_ConsensusGraph.swift */ = {isa = PBXFileReference; fileEncoding = 4; lastKnownFileType = sourcecode.swift; path = StyleKit_ConsensusGraph.swift; sourceTree = "<group>"; };
		043E2DF52315463300C91286 /* StateDiagram.swift */ = {isa = PBXFileReference; fileEncoding = 4; lastKnownFileType = sourcecode.swift; path = StateDiagram.swift; sourceTree = "<group>"; };
		043E2DF62315463400C91286 /* ClockView.swift */ = {isa = PBXFileReference; fileEncoding = 4; lastKnownFileType = sourcecode.swift; path = ClockView.swift; sourceTree = "<group>"; };
		043E2DFB231547BA00C91286 /* LoginAttendStatus.swift */ = {isa = PBXFileReference; lastKnownFileType = sourcecode.swift; path = LoginAttendStatus.swift; sourceTree = "<group>"; };
		043E2DFD2315486E00C91286 /* LoginUserData.swift */ = {isa = PBXFileReference; lastKnownFileType = sourcecode.swift; path = LoginUserData.swift; sourceTree = "<group>"; };
		043E2DFF2315491B00C91286 /* LoginResponse.swift */ = {isa = PBXFileReference; lastKnownFileType = sourcecode.swift; path = LoginResponse.swift; sourceTree = "<group>"; };
		043E2E01231549AC00C91286 /* LoginData.swift */ = {isa = PBXFileReference; lastKnownFileType = sourcecode.swift; path = LoginData.swift; sourceTree = "<group>"; };
		043E2E032315574100C91286 /* APIRouter.swift */ = {isa = PBXFileReference; lastKnownFileType = sourcecode.swift; path = APIRouter.swift; sourceTree = "<group>"; };
		043E2E122317DA0200C91286 /* Geotification.swift */ = {isa = PBXFileReference; fileEncoding = 4; lastKnownFileType = sourcecode.swift; path = Geotification.swift; sourceTree = "<group>"; };
		043E2E142317DAD700C91286 /* DateHelper.swift */ = {isa = PBXFileReference; lastKnownFileType = sourcecode.swift; path = DateHelper.swift; sourceTree = "<group>"; };
		043E2E182317DB9000C91286 /* RPCircularProgress.swift */ = {isa = PBXFileReference; lastKnownFileType = sourcecode.swift; path = RPCircularProgress.swift; sourceTree = "<group>"; };
		043E2E1C2317DC4500C91286 /* StyleKit_Clock.swift */ = {isa = PBXFileReference; lastKnownFileType = sourcecode.swift; path = StyleKit_Clock.swift; sourceTree = "<group>"; };
		0443D47022CB8A9300FDDE64 /* CheckStatusResponse.swift */ = {isa = PBXFileReference; lastKnownFileType = sourcecode.swift; path = CheckStatusResponse.swift; sourceTree = "<group>"; };
		04484A2D22E27B9D0057BDB3 /* ar */ = {isa = PBXFileReference; lastKnownFileType = text.plist.strings; name = ar; path = ar.lproj/Localizable.strings; sourceTree = "<group>"; };
		04484A2F22E27BB10057BDB3 /* en */ = {isa = PBXFileReference; lastKnownFileType = text.plist.strings; name = en; path = en.lproj/Localizable.strings; sourceTree = "<group>"; };
		04484A3022E3B3B40057BDB3 /* LanguageManager.swift */ = {isa = PBXFileReference; lastKnownFileType = sourcecode.swift; path = LanguageManager.swift; sourceTree = "<group>"; };
		0462D21622C9220F00A459CE /* Utiletes.swift */ = {isa = PBXFileReference; lastKnownFileType = sourcecode.swift; path = Utiletes.swift; sourceTree = "<group>"; };
		047AB49A2393EF160019F259 /* AttendPresenterImpl.swift */ = {isa = PBXFileReference; lastKnownFileType = sourcecode.swift; path = AttendPresenterImpl.swift; sourceTree = "<group>"; };
		047AB49C2393EF220019F259 /* AttendPresenter.swift */ = {isa = PBXFileReference; lastKnownFileType = sourcecode.swift; path = AttendPresenter.swift; sourceTree = "<group>"; };
		047AB49E2393EF3A0019F259 /* AttendView.swift */ = {isa = PBXFileReference; lastKnownFileType = sourcecode.swift; path = AttendView.swift; sourceTree = "<group>"; };
		047AB4A32393EF600019F259 /* AttendViewController.swift */ = {isa = PBXFileReference; lastKnownFileType = sourcecode.swift; name = AttendViewController.swift; path = ../../../../BackUp/SpidersAttend_ios/SpidersAttend/attend/AttendViewController.swift; sourceTree = "<group>"; };
		047AB4A72393F5080019F259 /* MainStateView.swift */ = {isa = PBXFileReference; lastKnownFileType = sourcecode.swift; path = MainStateView.swift; sourceTree = "<group>"; };
		047AB4A92393F5AE0019F259 /* MainStatePresenter.swift */ = {isa = PBXFileReference; lastKnownFileType = sourcecode.swift; path = MainStatePresenter.swift; sourceTree = "<group>"; };
		047AB4AB2393F5BF0019F259 /* MainStatePresenterImpl.swift */ = {isa = PBXFileReference; lastKnownFileType = sourcecode.swift; path = MainStatePresenterImpl.swift; sourceTree = "<group>"; };
		047AB4B5239677210019F259 /* CustomTabBarController.swift */ = {isa = PBXFileReference; lastKnownFileType = sourcecode.swift; path = CustomTabBarController.swift; sourceTree = "<group>"; };
		04CB6A0A23A6500300E57D43 /* ApprovedViewController.swift */ = {isa = PBXFileReference; lastKnownFileType = sourcecode.swift; path = ApprovedViewController.swift; sourceTree = "<group>"; };
		04CB6A0C23A6501700E57D43 /* RejectedViewController.swift */ = {isa = PBXFileReference; lastKnownFileType = sourcecode.swift; path = RejectedViewController.swift; sourceTree = "<group>"; };
		04CB6A0E23A6669300E57D43 /* PendingListViewController.swift */ = {isa = PBXFileReference; lastKnownFileType = sourcecode.swift; path = PendingListViewController.swift; sourceTree = "<group>"; };
		04CB6A1623A6785500E57D43 /* CustomVacationCell.swift */ = {isa = PBXFileReference; lastKnownFileType = sourcecode.swift; path = CustomVacationCell.swift; sourceTree = "<group>"; };
		04CB6A2923A8ED7D00E57D43 /* UIView.swift */ = {isa = PBXFileReference; lastKnownFileType = sourcecode.swift; path = UIView.swift; sourceTree = "<group>"; };
		04CB6A2B23A8FAE100E57D43 /* Vacation.swift */ = {isa = PBXFileReference; lastKnownFileType = sourcecode.swift; path = Vacation.swift; sourceTree = "<group>"; };
		04CB6A2E23A8FB1400E57D43 /* PendingVacationResponse.swift */ = {isa = PBXFileReference; lastKnownFileType = sourcecode.swift; path = PendingVacationResponse.swift; sourceTree = "<group>"; };
		04CB6A3023A8FB4F00E57D43 /* PendingVacationData.swift */ = {isa = PBXFileReference; lastKnownFileType = sourcecode.swift; path = PendingVacationData.swift; sourceTree = "<group>"; };
		04CB6A3423A8FEEE00E57D43 /* PendingVacationPresenter.swift */ = {isa = PBXFileReference; lastKnownFileType = sourcecode.swift; path = PendingVacationPresenter.swift; sourceTree = "<group>"; };
		04CB6A3623A8FF3B00E57D43 /* PendingVacationPresenterImpl.swift */ = {isa = PBXFileReference; lastKnownFileType = sourcecode.swift; path = PendingVacationPresenterImpl.swift; sourceTree = "<group>"; };
		04CB6A3823A8FFD600E57D43 /* PendingVacationView.swift */ = {isa = PBXFileReference; lastKnownFileType = sourcecode.swift; path = PendingVacationView.swift; sourceTree = "<group>"; };
		04CB6A3A23ABA03500E57D43 /* VacationDataSource.swift */ = {isa = PBXFileReference; lastKnownFileType = sourcecode.swift; path = VacationDataSource.swift; sourceTree = "<group>"; };
		04D0AE1323743C6A001A66C5 /* QrReaderViewController.swift */ = {isa = PBXFileReference; fileEncoding = 4; lastKnownFileType = sourcecode.swift; path = QrReaderViewController.swift; sourceTree = "<group>"; };
		04D0AE1523743CB4001A66C5 /* BaseViewController.swift */ = {isa = PBXFileReference; fileEncoding = 4; lastKnownFileType = sourcecode.swift; path = BaseViewController.swift; sourceTree = "<group>"; };
		04D9DAAD22B57D88002C59E5 /* SpidersAttend.app */ = {isa = PBXFileReference; explicitFileType = wrapper.application; includeInIndex = 0; path = SpidersAttend.app; sourceTree = BUILT_PRODUCTS_DIR; };
		04D9DAB022B57D88002C59E5 /* AppDelegate.swift */ = {isa = PBXFileReference; lastKnownFileType = sourcecode.swift; path = AppDelegate.swift; sourceTree = "<group>"; };
		04D9DABC22B57D8A002C59E5 /* Info.plist */ = {isa = PBXFileReference; lastKnownFileType = text.plist.xml; path = Info.plist; sourceTree = "<group>"; };
		04D9DAC122B57D8A002C59E5 /* SpidersAttendTests.xctest */ = {isa = PBXFileReference; explicitFileType = wrapper.cfbundle; includeInIndex = 0; path = SpidersAttendTests.xctest; sourceTree = BUILT_PRODUCTS_DIR; };
		04D9DACC22B57D8A002C59E5 /* SpidersAttendUITests.xctest */ = {isa = PBXFileReference; explicitFileType = wrapper.cfbundle; includeInIndex = 0; path = SpidersAttendUITests.xctest; sourceTree = BUILT_PRODUCTS_DIR; };
		04FC5B7823B23BDA00DFF5CC /* DeletePendingVacationResponse.swift */ = {isa = PBXFileReference; lastKnownFileType = sourcecode.swift; path = DeletePendingVacationResponse.swift; sourceTree = "<group>"; };
		04FC5B7A23B23EBB00DFF5CC /* DeleteVacationData.swift */ = {isa = PBXFileReference; lastKnownFileType = sourcecode.swift; path = DeleteVacationData.swift; sourceTree = "<group>"; };
		04FC5B7E23B24F9B00DFF5CC /* ApprovedVacationView.swift */ = {isa = PBXFileReference; lastKnownFileType = sourcecode.swift; path = ApprovedVacationView.swift; sourceTree = "<group>"; };
		04FC5B8323B255C000DFF5CC /* ApprovedVacationPresenter.swift */ = {isa = PBXFileReference; lastKnownFileType = sourcecode.swift; path = ApprovedVacationPresenter.swift; sourceTree = "<group>"; };
		04FC5B8523B255DA00DFF5CC /* ApprovedVacationPresenterImpl.swift */ = {isa = PBXFileReference; lastKnownFileType = sourcecode.swift; path = ApprovedVacationPresenterImpl.swift; sourceTree = "<group>"; };
		04FC5B8723B2605C00DFF5CC /* ApprovedVacationResponse.swift */ = {isa = PBXFileReference; lastKnownFileType = sourcecode.swift; path = ApprovedVacationResponse.swift; sourceTree = "<group>"; };
		04FC5B8923B2608A00DFF5CC /* ApprovedVacationData.swift */ = {isa = PBXFileReference; lastKnownFileType = sourcecode.swift; path = ApprovedVacationData.swift; sourceTree = "<group>"; };
		04FC5B8E23B3627900DFF5CC /* RejectedVacationControllerView.swift */ = {isa = PBXFileReference; lastKnownFileType = sourcecode.swift; path = RejectedVacationControllerView.swift; sourceTree = "<group>"; };
		04FC5B9023B3636500DFF5CC /* RejectedVacationPresenter.swift */ = {isa = PBXFileReference; lastKnownFileType = sourcecode.swift; path = RejectedVacationPresenter.swift; sourceTree = "<group>"; };
		04FC5B9223B363EF00DFF5CC /* RejectedVacationPresenterImpl.swift */ = {isa = PBXFileReference; lastKnownFileType = sourcecode.swift; path = RejectedVacationPresenterImpl.swift; sourceTree = "<group>"; };
		04FC5B9423B3733A00DFF5CC /* RejectedVacationResponse.swift */ = {isa = PBXFileReference; lastKnownFileType = sourcecode.swift; path = RejectedVacationResponse.swift; sourceTree = "<group>"; };
		04FC5B9623B3738500DFF5CC /* RejectedVacationData.swift */ = {isa = PBXFileReference; lastKnownFileType = sourcecode.swift; path = RejectedVacationData.swift; sourceTree = "<group>"; };
		04FC5B9923B4C41400DFF5CC /* NewVacationController.swift */ = {isa = PBXFileReference; lastKnownFileType = sourcecode.swift; path = NewVacationController.swift; sourceTree = "<group>"; };
		04FC5B9E23B8C4A400DFF5CC /* NewVacationDatePackerView.xib */ = {isa = PBXFileReference; lastKnownFileType = file.xib; path = NewVacationDatePackerView.xib; sourceTree = "<group>"; };
		04FC5BA023B8C55100DFF5CC /* NewVacationDatePackerView.swift */ = {isa = PBXFileReference; lastKnownFileType = sourcecode.swift; path = NewVacationDatePackerView.swift; sourceTree = "<group>"; };
		074D9C217CD8BCDA9941A06E /* Pods-SpidersAttendUITests.debug.xcconfig */ = {isa = PBXFileReference; includeInIndex = 1; lastKnownFileType = text.xcconfig; name = "Pods-SpidersAttendUITests.debug.xcconfig"; path = "Target Support Files/Pods-SpidersAttendUITests/Pods-SpidersAttendUITests.debug.xcconfig"; sourceTree = "<group>"; };
		0A19E310F5A98EAC1E8DB29B /* Pods_SpidersAttendTests.framework */ = {isa = PBXFileReference; explicitFileType = wrapper.framework; includeInIndex = 0; path = Pods_SpidersAttendTests.framework; sourceTree = BUILT_PRODUCTS_DIR; };
		47A2E42035885804893947EF /* Pods-SpidersAttendTests.debug.xcconfig */ = {isa = PBXFileReference; includeInIndex = 1; lastKnownFileType = text.xcconfig; name = "Pods-SpidersAttendTests.debug.xcconfig"; path = "Target Support Files/Pods-SpidersAttendTests/Pods-SpidersAttendTests.debug.xcconfig"; sourceTree = "<group>"; };
		50DD9F26370941BDC01C5A1F /* Pods-SpidersAttendTests.release.xcconfig */ = {isa = PBXFileReference; includeInIndex = 1; lastKnownFileType = text.xcconfig; name = "Pods-SpidersAttendTests.release.xcconfig"; path = "Target Support Files/Pods-SpidersAttendTests/Pods-SpidersAttendTests.release.xcconfig"; sourceTree = "<group>"; };
		539CA3F60E553A5F522A8BB8 /* Pods-SpidersAttend.release.xcconfig */ = {isa = PBXFileReference; includeInIndex = 1; lastKnownFileType = text.xcconfig; name = "Pods-SpidersAttend.release.xcconfig"; path = "Target Support Files/Pods-SpidersAttend/Pods-SpidersAttend.release.xcconfig"; sourceTree = "<group>"; };
		5C64277AA255D4B73834D58B /* Pods-SpidersAttend.debug.xcconfig */ = {isa = PBXFileReference; includeInIndex = 1; lastKnownFileType = text.xcconfig; name = "Pods-SpidersAttend.debug.xcconfig"; path = "Target Support Files/Pods-SpidersAttend/Pods-SpidersAttend.debug.xcconfig"; sourceTree = "<group>"; };
		5F03338B41CCC994A4315B19 /* Pods_SpidersAttend.framework */ = {isa = PBXFileReference; explicitFileType = wrapper.framework; includeInIndex = 0; path = Pods_SpidersAttend.framework; sourceTree = BUILT_PRODUCTS_DIR; };
		9441EA6385963C69C1D15754 /* Pods_SpidersAttendUITests.framework */ = {isa = PBXFileReference; explicitFileType = wrapper.framework; includeInIndex = 0; path = Pods_SpidersAttendUITests.framework; sourceTree = BUILT_PRODUCTS_DIR; };
		D082345CA561664EB5443E29 /* Pods-SpidersAttendUITests.release.xcconfig */ = {isa = PBXFileReference; includeInIndex = 1; lastKnownFileType = text.xcconfig; name = "Pods-SpidersAttendUITests.release.xcconfig"; path = "Target Support Files/Pods-SpidersAttendUITests/Pods-SpidersAttendUITests.release.xcconfig"; sourceTree = "<group>"; };
/* End PBXFileReference section */

/* Begin PBXFrameworksBuildPhase section */
		04D9DAAA22B57D88002C59E5 /* Frameworks */ = {
			isa = PBXFrameworksBuildPhase;
			buildActionMask = 2147483647;
			files = (
				BC77A66F4DF90EB36BA6B058 /* Pods_SpidersAttend.framework in Frameworks */,
			);
			runOnlyForDeploymentPostprocessing = 0;
		};
		04D9DABE22B57D8A002C59E5 /* Frameworks */ = {
			isa = PBXFrameworksBuildPhase;
			buildActionMask = 2147483647;
			files = (
				373224916E35356046CB5DC0 /* Pods_SpidersAttendTests.framework in Frameworks */,
			);
			runOnlyForDeploymentPostprocessing = 0;
		};
		04D9DAC922B57D8A002C59E5 /* Frameworks */ = {
			isa = PBXFrameworksBuildPhase;
			buildActionMask = 2147483647;
			files = (
				E414BA7822369FE72E86284C /* Pods_SpidersAttendUITests.framework in Frameworks */,
			);
			runOnlyForDeploymentPostprocessing = 0;
		};
/* End PBXFrameworksBuildPhase section */

/* Begin PBXGroup section */
		040691B522FAD24E000EDA0C /* attend */ = {
			isa = PBXGroup;
			children = (
				047AB4A12393EF490019F259 /* presenter */,
				047AB4A02393EF3F0019F259 /* view */,
			);
			path = attend;
			sourceTree = "<group>";
		};
		040691B822FAD294000EDA0C /* vication */ = {
			isa = PBXGroup;
			children = (
				04FC5B9823B4C3F900DFF5CC /* newVacation */,
				04CB6A0523A64A8500E57D43 /* rejected */,
				04CB6A0423A64A7F00E57D43 /* approved */,
				04CB6A0323A64A7100E57D43 /* pending */,
				040691B922FAD2DA000EDA0C /* VicationViewController.swift */,
			);
			path = vication;
			sourceTree = "<group>";
		};
		040691BB22FAD2EB000EDA0C /* payRoll */ = {
			isa = PBXGroup;
			children = (
				040691BC22FAD308000EDA0C /* PayRollViewController.swift */,
			);
			path = payRoll;
			sourceTree = "<group>";
		};
		04145E5222B69BCB0084222C /* splashscreen */ = {
			isa = PBXGroup;
			children = (
				04145E5322B69C040084222C /* SplashViewController.swift */,
			);
			path = splashscreen;
			sourceTree = "<group>";
		};
		042445D322B78F4A0089C817 /* login */ = {
			isa = PBXGroup;
			children = (
				042F7B7222BFB36F0059E5B4 /* model */,
				042445D422B78F7B0089C817 /* LoginViewController.swift */,
			);
			path = login;
			sourceTree = "<group>";
		};
		042445D622B7AB870089C817 /* base */ = {
			isa = PBXGroup;
			children = (
				04D0AE1523743CB4001A66C5 /* BaseViewController.swift */,
				042F7BA322C4E0090059E5B4 /* GeotificationBaseViewController.swift */,
				042445D722B7ABAC0089C817 /* BaseNavigationController.swift */,
				042BCCEF22E4A4FB00090D76 /* BaseUiTabController.swift */,
				042C00A722BEA72B000546D0 /* model */,
				042445D922B98EBC0089C817 /* custom_view */,
			);
			path = base;
			sourceTree = "<group>";
		};
		042445D922B98EBC0089C817 /* custom_view */ = {
			isa = PBXGroup;
			children = (
				045BBA4422EDE5700004569A /* clockViewRes */,
				042445DA22B98F5C0089C817 /* CircularProgress.swift */,
				043E2E182317DB9000C91286 /* RPCircularProgress.swift */,
				047AB4B5239677210019F259 /* CustomTabBarController.swift */,
				04CB6A1623A6785500E57D43 /* CustomVacationCell.swift */,
			);
			path = custom_view;
			sourceTree = "<group>";
		};
		042C00A022BE838B000546D0 /* Util */ = {
			isa = PBXGroup;
			children = (
				043E2E122317DA0200C91286 /* Geotification.swift */,
				042F7B8A22C378DD0059E5B4 /* Constants.swift */,
				042C00B122BECA87000546D0 /* Validator.swift */,
				042F7B8122C0DCB90059E5B4 /* AppConstants.swift */,
				042F7B8622C26E7F0059E5B4 /* PrefUtil.swift */,
				0462D21622C9220F00A459CE /* Utiletes.swift */,
				043DE01022D145BA006A084E /* NavigationManger.swift */,
				043DE01222D1BCAB006A084E /* LanguageDetails.swift */,
				042CFB3722D5FE9B005D2D58 /* UiUtiletes.swift */,
				04484A3022E3B3B40057BDB3 /* LanguageManager.swift */,
				043E2E142317DAD700C91286 /* DateHelper.swift */,
			);
			path = Util;
			sourceTree = "<group>";
		};
		042C00A722BEA72B000546D0 /* model */ = {
			isa = PBXGroup;
			children = (
				042C00A522BEA713000546D0 /* ValidationError.swift */,
				042F7B8322C1055F0059E5B4 /* NetworkBaseError.swift */,
				04CB6A2B23A8FAE100E57D43 /* Vacation.swift */,
			);
			path = model;
			sourceTree = "<group>";
		};
		042F7B7222BFB36F0059E5B4 /* model */ = {
			isa = PBXGroup;
			children = (
				043E2DFB231547BA00C91286 /* LoginAttendStatus.swift */,
				043E2E01231549AC00C91286 /* LoginData.swift */,
				043E2DFD2315486E00C91286 /* LoginUserData.swift */,
				043E2DFF2315491B00C91286 /* LoginResponse.swift */,
			);
			path = model;
			sourceTree = "<group>";
		};
		042F7B8F22C3798A0059E5B4 /* mainState */ = {
			isa = PBXGroup;
			children = (
				047AB4A62393F4F30019F259 /* view */,
				047AB4A52393F4E90019F259 /* presenter */,
				0443D46F22CB8A6900FDDE64 /* model */,
				042F7B9022C37FC80059E5B4 /* MainStateViewController.swift */,
			);
			path = mainState;
			sourceTree = "<group>";
		};
		043DE00822CE01E2006A084E /* qrReader */ = {
			isa = PBXGroup;
			children = (
				04D0AE1323743C6A001A66C5 /* QrReaderViewController.swift */,
			);
			path = qrReader;
			sourceTree = "<group>";
		};
		043DE00D22D1055F006A084E /* more */ = {
			isa = PBXGroup;
			children = (
				043DE00E22D105A0006A084E /* MoreViewController.swift */,
			);
			path = more;
			sourceTree = "<group>";
		};
		0443D46F22CB8A6900FDDE64 /* model */ = {
			isa = PBXGroup;
			children = (
				0443D47022CB8A9300FDDE64 /* CheckStatusResponse.swift */,
			);
			path = model;
			sourceTree = "<group>";
		};
		045BBA4422EDE5700004569A /* clockViewRes */ = {
			isa = PBXGroup;
			children = (
				043E2DF62315463400C91286 /* ClockView.swift */,
				043E2DF32315463300C91286 /* ClockViewController.swift */,
				043E2DF52315463300C91286 /* StateDiagram.swift */,
				043E2DF42315463300C91286 /* StyleKit_ConsensusGraph.swift */,
				043E2E1C2317DC4500C91286 /* StyleKit_Clock.swift */,
			);
			path = clockViewRes;
			sourceTree = "<group>";
		};
		047AB4A02393EF3F0019F259 /* view */ = {
			isa = PBXGroup;
			children = (
				047AB4A32393EF600019F259 /* AttendViewController.swift */,
				047AB49E2393EF3A0019F259 /* AttendView.swift */,
			);
			path = view;
			sourceTree = "<group>";
		};
		047AB4A12393EF490019F259 /* presenter */ = {
			isa = PBXGroup;
			children = (
				047AB49A2393EF160019F259 /* AttendPresenterImpl.swift */,
				047AB49C2393EF220019F259 /* AttendPresenter.swift */,
			);
			path = presenter;
			sourceTree = "<group>";
		};
		047AB4A52393F4E90019F259 /* presenter */ = {
			isa = PBXGroup;
			children = (
				047AB4A92393F5AE0019F259 /* MainStatePresenter.swift */,
				047AB4AB2393F5BF0019F259 /* MainStatePresenterImpl.swift */,
			);
			path = presenter;
			sourceTree = "<group>";
		};
		047AB4A62393F4F30019F259 /* view */ = {
			isa = PBXGroup;
			children = (
				047AB4A72393F5080019F259 /* MainStateView.swift */,
			);
			path = view;
			sourceTree = "<group>";
		};
		049D877B22BB9C6B0009767B /* ApiClient */ = {
			isa = PBXGroup;
			children = (
				043E2E032315574100C91286 /* APIRouter.swift */,
			);
			path = ApiClient;
			sourceTree = "<group>";
		};
		04CB6A0323A64A7100E57D43 /* pending */ = {
			isa = PBXGroup;
			children = (
				04CB6A3323A8FEBE00E57D43 /* presenter */,
				04CB6A3223A8FEB500E57D43 /* view */,
				04CB6A2D23A8FB0000E57D43 /* model */,
			);
			path = pending;
			sourceTree = "<group>";
		};
		04CB6A0423A64A7F00E57D43 /* approved */ = {
			isa = PBXGroup;
			children = (
				04FC5B8223B2504B00DFF5CC /* presenter */,
				04FC5B8123B2504400DFF5CC /* model */,
				04FC5B8023B2503A00DFF5CC /* view */,
			);
			path = approved;
			sourceTree = "<group>";
		};
		04CB6A0523A64A8500E57D43 /* rejected */ = {
			isa = PBXGroup;
			children = (
				04FC5B8D23B3623B00DFF5CC /* presenter */,
				04FC5B8C23B3623100DFF5CC /* model */,
				04FC5B8B23B3621F00DFF5CC /* view */,
			);
			path = rejected;
			sourceTree = "<group>";
		};
		04CB6A2823A8ED1600E57D43 /* extintions */ = {
			isa = PBXGroup;
			children = (
				04CB6A2923A8ED7D00E57D43 /* UIView.swift */,
			);
			path = extintions;
			sourceTree = "<group>";
		};
		04CB6A2D23A8FB0000E57D43 /* model */ = {
			isa = PBXGroup;
			children = (
				04CB6A2E23A8FB1400E57D43 /* PendingVacationResponse.swift */,
				04CB6A3023A8FB4F00E57D43 /* PendingVacationData.swift */,
				04FC5B7823B23BDA00DFF5CC /* DeletePendingVacationResponse.swift */,
				04FC5B7A23B23EBB00DFF5CC /* DeleteVacationData.swift */,
			);
			path = model;
			sourceTree = "<group>";
		};
		04CB6A3223A8FEB500E57D43 /* view */ = {
			isa = PBXGroup;
			children = (
				04CB6A0E23A6669300E57D43 /* PendingListViewController.swift */,
				04CB6A3823A8FFD600E57D43 /* PendingVacationView.swift */,
			);
			path = view;
			sourceTree = "<group>";
		};
		04CB6A3323A8FEBE00E57D43 /* presenter */ = {
			isa = PBXGroup;
			children = (
				04CB6A3423A8FEEE00E57D43 /* PendingVacationPresenter.swift */,
				04CB6A3623A8FF3B00E57D43 /* PendingVacationPresenterImpl.swift */,
			);
			path = presenter;
			sourceTree = "<group>";
		};
		04D9DAA422B57D88002C59E5 = {
			isa = PBXGroup;
			children = (
				04484A2E22E27B9D0057BDB3 /* Localizable.strings */,
				04D9DAAF22B57D88002C59E5 /* SpidersAttend */,
				04D9DAAE22B57D88002C59E5 /* Products */,
				A0FDFC7744E4AEBBA1A73714 /* Pods */,
				06599B38EB235FEF5CFCBA09 /* Frameworks */,
			);
			sourceTree = "<group>";
		};
		04D9DAAE22B57D88002C59E5 /* Products */ = {
			isa = PBXGroup;
			children = (
				04D9DAAD22B57D88002C59E5 /* SpidersAttend.app */,
				04D9DAC122B57D8A002C59E5 /* SpidersAttendTests.xctest */,
				04D9DACC22B57D8A002C59E5 /* SpidersAttendUITests.xctest */,
			);
			name = Products;
			sourceTree = "<group>";
		};
		04D9DAAF22B57D88002C59E5 /* SpidersAttend */ = {
			isa = PBXGroup;
			children = (
				04CB6A2823A8ED1600E57D43 /* extintions */,
				04D9DAB022B57D88002C59E5 /* AppDelegate.swift */,
				049D877B22BB9C6B0009767B /* ApiClient */,
				042445D622B7AB870089C817 /* base */,
				04145E5222B69BCB0084222C /* splashscreen */,
				042445D322B78F4A0089C817 /* login */,
				042F7B8F22C3798A0059E5B4 /* mainState */,
				040691B522FAD24E000EDA0C /* attend */,
				040691B822FAD294000EDA0C /* vication */,
				040691BB22FAD2EB000EDA0C /* payRoll */,
				043DE00822CE01E2006A084E /* qrReader */,
				043DE00D22D1055F006A084E /* more */,
				042C00A022BE838B000546D0 /* Util */,
				043457CA2317E66900D20414 /* Main.storyboard */,
				04D9DABC22B57D8A002C59E5 /* Info.plist */,
				0418A09A22FC580900739A3B /* Assets.xcassets */,
			);
			path = SpidersAttend;
			sourceTree = "<group>";
		};
		04FC5B8023B2503A00DFF5CC /* view */ = {
			isa = PBXGroup;
			children = (
				04FC5B7E23B24F9B00DFF5CC /* ApprovedVacationView.swift */,
				04CB6A0A23A6500300E57D43 /* ApprovedViewController.swift */,
			);
			path = view;
			sourceTree = "<group>";
		};
		04FC5B8123B2504400DFF5CC /* model */ = {
			isa = PBXGroup;
			children = (
				04FC5B8723B2605C00DFF5CC /* ApprovedVacationResponse.swift */,
				04FC5B8923B2608A00DFF5CC /* ApprovedVacationData.swift */,
			);
			path = model;
			sourceTree = "<group>";
		};
		04FC5B8223B2504B00DFF5CC /* presenter */ = {
			isa = PBXGroup;
			children = (
				04FC5B8323B255C000DFF5CC /* ApprovedVacationPresenter.swift */,
				04FC5B8523B255DA00DFF5CC /* ApprovedVacationPresenterImpl.swift */,
			);
			path = presenter;
			sourceTree = "<group>";
		};
		04FC5B8B23B3621F00DFF5CC /* view */ = {
			isa = PBXGroup;
			children = (
				04CB6A0C23A6501700E57D43 /* RejectedViewController.swift */,
				04FC5B8E23B3627900DFF5CC /* RejectedVacationControllerView.swift */,
			);
			path = view;
			sourceTree = "<group>";
		};
		04FC5B8C23B3623100DFF5CC /* model */ = {
			isa = PBXGroup;
			children = (
				04FC5B9423B3733A00DFF5CC /* RejectedVacationResponse.swift */,
				04FC5B9623B3738500DFF5CC /* RejectedVacationData.swift */,
			);
			path = model;
			sourceTree = "<group>";
		};
		04FC5B8D23B3623B00DFF5CC /* presenter */ = {
			isa = PBXGroup;
			children = (
				04FC5B9023B3636500DFF5CC /* RejectedVacationPresenter.swift */,
				04FC5B9223B363EF00DFF5CC /* RejectedVacationPresenterImpl.swift */,
			);
			path = presenter;
			sourceTree = "<group>";
		};
		04FC5B9823B4C3F900DFF5CC /* newVacation */ = {
			isa = PBXGroup;
			children = (
				04FC5B9D23B8C47D00DFF5CC /* view */,
			);
			path = newVacation;
			sourceTree = "<group>";
		};
		04FC5B9D23B8C47D00DFF5CC /* view */ = {
			isa = PBXGroup;
			children = (
				04FC5B9923B4C41400DFF5CC /* NewVacationController.swift */,
				04CB6A3A23ABA03500E57D43 /* VacationDataSource.swift */,
				04FC5BA023B8C55100DFF5CC /* NewVacationDatePackerView.swift */,
				04FC5B9E23B8C4A400DFF5CC /* NewVacationDatePackerView.xib */,
			);
			path = view;
			sourceTree = "<group>";
		};
		06599B38EB235FEF5CFCBA09 /* Frameworks */ = {
			isa = PBXGroup;
			children = (
				5F03338B41CCC994A4315B19 /* Pods_SpidersAttend.framework */,
				0A19E310F5A98EAC1E8DB29B /* Pods_SpidersAttendTests.framework */,
				9441EA6385963C69C1D15754 /* Pods_SpidersAttendUITests.framework */,
			);
			name = Frameworks;
			sourceTree = "<group>";
		};
		A0FDFC7744E4AEBBA1A73714 /* Pods */ = {
			isa = PBXGroup;
			children = (
				5C64277AA255D4B73834D58B /* Pods-SpidersAttend.debug.xcconfig */,
				539CA3F60E553A5F522A8BB8 /* Pods-SpidersAttend.release.xcconfig */,
				47A2E42035885804893947EF /* Pods-SpidersAttendTests.debug.xcconfig */,
				50DD9F26370941BDC01C5A1F /* Pods-SpidersAttendTests.release.xcconfig */,
				074D9C217CD8BCDA9941A06E /* Pods-SpidersAttendUITests.debug.xcconfig */,
				D082345CA561664EB5443E29 /* Pods-SpidersAttendUITests.release.xcconfig */,
			);
			path = Pods;
			sourceTree = "<group>";
		};
/* End PBXGroup section */

/* Begin PBXNativeTarget section */
		04D9DAAC22B57D88002C59E5 /* SpidersAttend */ = {
			isa = PBXNativeTarget;
			buildConfigurationList = 04D9DAD522B57D8A002C59E5 /* Build configuration list for PBXNativeTarget "SpidersAttend" */;
			buildPhases = (
				6F073C70F1773EF84CC2CB71 /* [CP] Check Pods Manifest.lock */,
				04D9DAA922B57D88002C59E5 /* Sources */,
				04D9DAAA22B57D88002C59E5 /* Frameworks */,
				04D9DAAB22B57D88002C59E5 /* Resources */,
				70646731F33ADC88DC884A42 /* [CP] Embed Pods Frameworks */,
			);
			buildRules = (
			);
			dependencies = (
			);
			name = SpidersAttend;
			productName = SpidersAttend;
			productReference = 04D9DAAD22B57D88002C59E5 /* SpidersAttend.app */;
			productType = "com.apple.product-type.application";
		};
		04D9DAC022B57D8A002C59E5 /* SpidersAttendTests */ = {
			isa = PBXNativeTarget;
			buildConfigurationList = 04D9DAD822B57D8A002C59E5 /* Build configuration list for PBXNativeTarget "SpidersAttendTests" */;
			buildPhases = (
				7982166EC1819013D98AAF90 /* [CP] Check Pods Manifest.lock */,
				04D9DABD22B57D8A002C59E5 /* Sources */,
				04D9DABE22B57D8A002C59E5 /* Frameworks */,
				04D9DABF22B57D8A002C59E5 /* Resources */,
			);
			buildRules = (
			);
			dependencies = (
				04D9DAC322B57D8A002C59E5 /* PBXTargetDependency */,
			);
			name = SpidersAttendTests;
			productName = SpidersAttendTests;
			productReference = 04D9DAC122B57D8A002C59E5 /* SpidersAttendTests.xctest */;
			productType = "com.apple.product-type.bundle.unit-test";
		};
		04D9DACB22B57D8A002C59E5 /* SpidersAttendUITests */ = {
			isa = PBXNativeTarget;
			buildConfigurationList = 04D9DADB22B57D8A002C59E5 /* Build configuration list for PBXNativeTarget "SpidersAttendUITests" */;
			buildPhases = (
				909E8BF3CAE4F7205F00FA5D /* [CP] Check Pods Manifest.lock */,
				04D9DAC822B57D8A002C59E5 /* Sources */,
				04D9DAC922B57D8A002C59E5 /* Frameworks */,
				04D9DACA22B57D8A002C59E5 /* Resources */,
			);
			buildRules = (
			);
			dependencies = (
				04D9DACE22B57D8A002C59E5 /* PBXTargetDependency */,
			);
			name = SpidersAttendUITests;
			productName = SpidersAttendUITests;
			productReference = 04D9DACC22B57D8A002C59E5 /* SpidersAttendUITests.xctest */;
			productType = "com.apple.product-type.bundle.ui-testing";
		};
/* End PBXNativeTarget section */

/* Begin PBXProject section */
		04D9DAA522B57D88002C59E5 /* Project object */ = {
			isa = PBXProject;
			attributes = {
				LastSwiftUpdateCheck = 1020;
				LastUpgradeCheck = 1020;
				ORGANIZATIONNAME = Brandeda;
				TargetAttributes = {
					04D9DAAC22B57D88002C59E5 = {
						CreatedOnToolsVersion = 10.2.1;
						LastSwiftMigration = 1120;
					};
					04D9DAC022B57D8A002C59E5 = {
						CreatedOnToolsVersion = 10.2.1;
						TestTargetID = 04D9DAAC22B57D88002C59E5;
					};
					04D9DACB22B57D8A002C59E5 = {
						CreatedOnToolsVersion = 10.2.1;
						TestTargetID = 04D9DAAC22B57D88002C59E5;
					};
				};
			};
			buildConfigurationList = 04D9DAA822B57D88002C59E5 /* Build configuration list for PBXProject "SpidersAttend" */;
			compatibilityVersion = "Xcode 9.3";
			developmentRegion = en;
			hasScannedForEncodings = 0;
			knownRegions = (
				Base,
				en,
				ar,
			);
			mainGroup = 04D9DAA422B57D88002C59E5;
			productRefGroup = 04D9DAAE22B57D88002C59E5 /* Products */;
			projectDirPath = "";
			projectRoot = "";
			targets = (
				04D9DAAC22B57D88002C59E5 /* SpidersAttend */,
				04D9DAC022B57D8A002C59E5 /* SpidersAttendTests */,
				04D9DACB22B57D8A002C59E5 /* SpidersAttendUITests */,
			);
		};
/* End PBXProject section */

/* Begin PBXResourcesBuildPhase section */
		04D9DAAB22B57D88002C59E5 /* Resources */ = {
			isa = PBXResourcesBuildPhase;
			buildActionMask = 2147483647;
			files = (
				04FC5B9F23B8C4A500DFF5CC /* NewVacationDatePackerView.xib in Resources */,
				043457C82317E66900D20414 /* Main.storyboard in Resources */,
				04484A2C22E27B9D0057BDB3 /* Localizable.strings in Resources */,
				0418A09B22FC580900739A3B /* Assets.xcassets in Resources */,
			);
			runOnlyForDeploymentPostprocessing = 0;
		};
		04D9DABF22B57D8A002C59E5 /* Resources */ = {
			isa = PBXResourcesBuildPhase;
			buildActionMask = 2147483647;
			files = (
			);
			runOnlyForDeploymentPostprocessing = 0;
		};
		04D9DACA22B57D8A002C59E5 /* Resources */ = {
			isa = PBXResourcesBuildPhase;
			buildActionMask = 2147483647;
			files = (
			);
			runOnlyForDeploymentPostprocessing = 0;
		};
/* End PBXResourcesBuildPhase section */

/* Begin PBXShellScriptBuildPhase section */
		6F073C70F1773EF84CC2CB71 /* [CP] Check Pods Manifest.lock */ = {
			isa = PBXShellScriptBuildPhase;
			buildActionMask = 2147483647;
			files = (
			);
			inputFileListPaths = (
			);
			inputPaths = (
				"${PODS_PODFILE_DIR_PATH}/Podfile.lock",
				"${PODS_ROOT}/Manifest.lock",
			);
			name = "[CP] Check Pods Manifest.lock";
			outputFileListPaths = (
			);
			outputPaths = (
				"$(DERIVED_FILE_DIR)/Pods-SpidersAttend-checkManifestLockResult.txt",
			);
			runOnlyForDeploymentPostprocessing = 0;
			shellPath = /bin/sh;
			shellScript = "diff \"${PODS_PODFILE_DIR_PATH}/Podfile.lock\" \"${PODS_ROOT}/Manifest.lock\" > /dev/null\nif [ $? != 0 ] ; then\n    # print error to STDERR\n    echo \"error: The sandbox is not in sync with the Podfile.lock. Run 'pod install' or update your CocoaPods installation.\" >&2\n    exit 1\nfi\n# This output is used by Xcode 'outputs' to avoid re-running this script phase.\necho \"SUCCESS\" > \"${SCRIPT_OUTPUT_FILE_0}\"\n";
			showEnvVarsInLog = 0;
		};
		70646731F33ADC88DC884A42 /* [CP] Embed Pods Frameworks */ = {
			isa = PBXShellScriptBuildPhase;
			buildActionMask = 2147483647;
			files = (
			);
			inputFileListPaths = (
				"${PODS_ROOT}/Target Support Files/Pods-SpidersAttend/Pods-SpidersAttend-frameworks-${CONFIGURATION}-input-files.xcfilelist",
			);
			name = "[CP] Embed Pods Frameworks";
			outputFileListPaths = (
				"${PODS_ROOT}/Target Support Files/Pods-SpidersAttend/Pods-SpidersAttend-frameworks-${CONFIGURATION}-output-files.xcfilelist",
			);
			runOnlyForDeploymentPostprocessing = 0;
			shellPath = /bin/sh;
			shellScript = "\"${PODS_ROOT}/Target Support Files/Pods-SpidersAttend/Pods-SpidersAttend-frameworks.sh\"\n";
			showEnvVarsInLog = 0;
		};
		7982166EC1819013D98AAF90 /* [CP] Check Pods Manifest.lock */ = {
			isa = PBXShellScriptBuildPhase;
			buildActionMask = 2147483647;
			files = (
			);
			inputFileListPaths = (
			);
			inputPaths = (
				"${PODS_PODFILE_DIR_PATH}/Podfile.lock",
				"${PODS_ROOT}/Manifest.lock",
			);
			name = "[CP] Check Pods Manifest.lock";
			outputFileListPaths = (
			);
			outputPaths = (
				"$(DERIVED_FILE_DIR)/Pods-SpidersAttendTests-checkManifestLockResult.txt",
			);
			runOnlyForDeploymentPostprocessing = 0;
			shellPath = /bin/sh;
			shellScript = "diff \"${PODS_PODFILE_DIR_PATH}/Podfile.lock\" \"${PODS_ROOT}/Manifest.lock\" > /dev/null\nif [ $? != 0 ] ; then\n    # print error to STDERR\n    echo \"error: The sandbox is not in sync with the Podfile.lock. Run 'pod install' or update your CocoaPods installation.\" >&2\n    exit 1\nfi\n# This output is used by Xcode 'outputs' to avoid re-running this script phase.\necho \"SUCCESS\" > \"${SCRIPT_OUTPUT_FILE_0}\"\n";
			showEnvVarsInLog = 0;
		};
		909E8BF3CAE4F7205F00FA5D /* [CP] Check Pods Manifest.lock */ = {
			isa = PBXShellScriptBuildPhase;
			buildActionMask = 2147483647;
			files = (
			);
			inputFileListPaths = (
			);
			inputPaths = (
				"${PODS_PODFILE_DIR_PATH}/Podfile.lock",
				"${PODS_ROOT}/Manifest.lock",
			);
			name = "[CP] Check Pods Manifest.lock";
			outputFileListPaths = (
			);
			outputPaths = (
				"$(DERIVED_FILE_DIR)/Pods-SpidersAttendUITests-checkManifestLockResult.txt",
			);
			runOnlyForDeploymentPostprocessing = 0;
			shellPath = /bin/sh;
			shellScript = "diff \"${PODS_PODFILE_DIR_PATH}/Podfile.lock\" \"${PODS_ROOT}/Manifest.lock\" > /dev/null\nif [ $? != 0 ] ; then\n    # print error to STDERR\n    echo \"error: The sandbox is not in sync with the Podfile.lock. Run 'pod install' or update your CocoaPods installation.\" >&2\n    exit 1\nfi\n# This output is used by Xcode 'outputs' to avoid re-running this script phase.\necho \"SUCCESS\" > \"${SCRIPT_OUTPUT_FILE_0}\"\n";
			showEnvVarsInLog = 0;
		};
/* End PBXShellScriptBuildPhase section */

/* Begin PBXSourcesBuildPhase section */
		04D9DAA922B57D88002C59E5 /* Sources */ = {
			isa = PBXSourcesBuildPhase;
			buildActionMask = 2147483647;
			files = (
				0443D47122CB8A9300FDDE64 /* CheckStatusResponse.swift in Sources */,
				04FC5B9523B3733A00DFF5CC /* RejectedVacationResponse.swift in Sources */,
				042445D522B78F7B0089C817 /* LoginViewController.swift in Sources */,
				043E2DFE2315486E00C91286 /* LoginUserData.swift in Sources */,
				042F7B8422C1055F0059E5B4 /* NetworkBaseError.swift in Sources */,
				0462D21722C9220F00A459CE /* Utiletes.swift in Sources */,
				04CB6A3923A8FFD600E57D43 /* PendingVacationView.swift in Sources */,
				042F7B8222C0DCB90059E5B4 /* AppConstants.swift in Sources */,
				043E2E02231549AD00C91286 /* LoginData.swift in Sources */,
				04CB6A0B23A6500300E57D43 /* ApprovedViewController.swift in Sources */,
				042445DB22B98F5C0089C817 /* CircularProgress.swift in Sources */,
				04FC5B8F23B3627900DFF5CC /* RejectedVacationControllerView.swift in Sources */,
				04145E5422B69C040084222C /* SplashViewController.swift in Sources */,
				04CB6A3523A8FEEE00E57D43 /* PendingVacationPresenter.swift in Sources */,
				040691BD22FAD308000EDA0C /* PayRollViewController.swift in Sources */,
				042C00A622BEA713000546D0 /* ValidationError.swift in Sources */,
				04FC5B8623B255DA00DFF5CC /* ApprovedVacationPresenterImpl.swift in Sources */,
				043E2DFC231547BA00C91286 /* LoginAttendStatus.swift in Sources */,
				04CB6A2A23A8ED7D00E57D43 /* UIView.swift in Sources */,
				04CB6A0D23A6501700E57D43 /* RejectedViewController.swift in Sources */,
				043DE01322D1BCAB006A084E /* LanguageDetails.swift in Sources */,
				043E2E192317DB9000C91286 /* RPCircularProgress.swift in Sources */,
				04CB6A0F23A6669300E57D43 /* PendingListViewController.swift in Sources */,
				042C00B222BECA87000546D0 /* Validator.swift in Sources */,
				04FC5B7B23B23EBB00DFF5CC /* DeleteVacationData.swift in Sources */,
				04484A3122E3B3B40057BDB3 /* LanguageManager.swift in Sources */,
				047AB49D2393EF220019F259 /* AttendPresenter.swift in Sources */,
				047AB4A82393F5080019F259 /* MainStateView.swift in Sources */,
				042F7B8722C26E7F0059E5B4 /* PrefUtil.swift in Sources */,
				043E2DFA2315463400C91286 /* ClockView.swift in Sources */,
				047AB4A42393EF600019F259 /* AttendViewController.swift in Sources */,
				04FC5B9A23B4C41400DFF5CC /* NewVacationController.swift in Sources */,
				047AB4AA2393F5AE0019F259 /* MainStatePresenter.swift in Sources */,
				04CB6A2C23A8FAE100E57D43 /* Vacation.swift in Sources */,
				04CB6A3B23ABA03500E57D43 /* VacationDataSource.swift in Sources */,
				043E2E152317DAD700C91286 /* DateHelper.swift in Sources */,
				043E2E1D2317DC4500C91286 /* StyleKit_Clock.swift in Sources */,
				047AB49F2393EF3A0019F259 /* AttendView.swift in Sources */,
				04FC5B8423B255C000DFF5CC /* ApprovedVacationPresenter.swift in Sources */,
				042BCCF022E4A4FB00090D76 /* BaseUiTabController.swift in Sources */,
				04FC5BA123B8C55100DFF5CC /* NewVacationDatePackerView.swift in Sources */,
				04FC5B7923B23BDA00DFF5CC /* DeletePendingVacationResponse.swift in Sources */,
				047AB49B2393EF160019F259 /* AttendPresenterImpl.swift in Sources */,
				043E2DF72315463400C91286 /* ClockViewController.swift in Sources */,
				042445D822B7ABAC0089C817 /* BaseNavigationController.swift in Sources */,
				043E2E132317DA0200C91286 /* Geotification.swift in Sources */,
				043DE01122D145BA006A084E /* NavigationManger.swift in Sources */,
				047AB4AC2393F5BF0019F259 /* MainStatePresenterImpl.swift in Sources */,
				043E2DF82315463400C91286 /* StyleKit_ConsensusGraph.swift in Sources */,
				04CB6A3123A8FB4F00E57D43 /* PendingVacationData.swift in Sources */,
				04CB6A3723A8FF3B00E57D43 /* PendingVacationPresenterImpl.swift in Sources */,
				04CB6A2F23A8FB1400E57D43 /* PendingVacationResponse.swift in Sources */,
				04FC5B7F23B24F9B00DFF5CC /* ApprovedVacationView.swift in Sources */,
				04D0AE1623743CB4001A66C5 /* BaseViewController.swift in Sources */,
				047AB4B6239677210019F259 /* CustomTabBarController.swift in Sources */,
				040691BA22FAD2DA000EDA0C /* VicationViewController.swift in Sources */,
				042F7BA422C4E0090059E5B4 /* GeotificationBaseViewController.swift in Sources */,
				042CFB3822D5FE9B005D2D58 /* UiUtiletes.swift in Sources */,
				04D0AE1423743C6A001A66C5 /* QrReaderViewController.swift in Sources */,
				04FC5B8A23B2608A00DFF5CC /* ApprovedVacationData.swift in Sources */,
				043DE00F22D105A0006A084E /* MoreViewController.swift in Sources */,
				043E2E002315491B00C91286 /* LoginResponse.swift in Sources */,
				043E2DF92315463400C91286 /* StateDiagram.swift in Sources */,
				04FC5B9123B3636500DFF5CC /* RejectedVacationPresenter.swift in Sources */,
				043E2E042315574100C91286 /* APIRouter.swift in Sources */,
				042F7B9122C37FC80059E5B4 /* MainStateViewController.swift in Sources */,
				04FC5B9723B3738500DFF5CC /* RejectedVacationData.swift in Sources */,
				04D9DAB122B57D88002C59E5 /* AppDelegate.swift in Sources */,
				042F7B8B22C378DD0059E5B4 /* Constants.swift in Sources */,
				04FC5B8823B2605C00DFF5CC /* ApprovedVacationResponse.swift in Sources */,
				04CB6A1723A6785500E57D43 /* CustomVacationCell.swift in Sources */,
				04FC5B9323B363EF00DFF5CC /* RejectedVacationPresenterImpl.swift in Sources */,
			);
			runOnlyForDeploymentPostprocessing = 0;
		};
		04D9DABD22B57D8A002C59E5 /* Sources */ = {
			isa = PBXSourcesBuildPhase;
			buildActionMask = 2147483647;
			files = (
			);
			runOnlyForDeploymentPostprocessing = 0;
		};
		04D9DAC822B57D8A002C59E5 /* Sources */ = {
			isa = PBXSourcesBuildPhase;
			buildActionMask = 2147483647;
			files = (
			);
			runOnlyForDeploymentPostprocessing = 0;
		};
/* End PBXSourcesBuildPhase section */

/* Begin PBXTargetDependency section */
		04D9DAC322B57D8A002C59E5 /* PBXTargetDependency */ = {
			isa = PBXTargetDependency;
			target = 04D9DAAC22B57D88002C59E5 /* SpidersAttend */;
			targetProxy = 04D9DAC222B57D8A002C59E5 /* PBXContainerItemProxy */;
		};
		04D9DACE22B57D8A002C59E5 /* PBXTargetDependency */ = {
			isa = PBXTargetDependency;
			target = 04D9DAAC22B57D88002C59E5 /* SpidersAttend */;
			targetProxy = 04D9DACD22B57D8A002C59E5 /* PBXContainerItemProxy */;
		};
/* End PBXTargetDependency section */

/* Begin PBXVariantGroup section */
		043457CA2317E66900D20414 /* Main.storyboard */ = {
			isa = PBXVariantGroup;
			children = (
				043457C92317E66900D20414 /* Base */,
			);
			name = Main.storyboard;
			sourceTree = "<group>";
		};
		04484A2E22E27B9D0057BDB3 /* Localizable.strings */ = {
			isa = PBXVariantGroup;
			children = (
				04484A2D22E27B9D0057BDB3 /* ar */,
				04484A2F22E27BB10057BDB3 /* en */,
			);
			name = Localizable.strings;
			sourceTree = "<group>";
		};
/* End PBXVariantGroup section */

/* Begin XCBuildConfiguration section */
		04D9DAD322B57D8A002C59E5 /* Debug */ = {
			isa = XCBuildConfiguration;
			buildSettings = {
				ALWAYS_SEARCH_USER_PATHS = NO;
				ASSETCATALOG_COMPILER_LAUNCHIMAGE_NAME = "";
				CLANG_ANALYZER_LOCALIZABILITY_NONLOCALIZED = YES;
				CLANG_ANALYZER_NONNULL = YES;
				CLANG_ANALYZER_NUMBER_OBJECT_CONVERSION = YES_AGGRESSIVE;
				CLANG_CXX_LANGUAGE_STANDARD = "gnu++14";
				CLANG_CXX_LIBRARY = "libc++";
				CLANG_ENABLE_MODULES = YES;
				CLANG_ENABLE_OBJC_ARC = YES;
				CLANG_ENABLE_OBJC_WEAK = YES;
				CLANG_WARN_BLOCK_CAPTURE_AUTORELEASING = YES;
				CLANG_WARN_BOOL_CONVERSION = YES;
				CLANG_WARN_COMMA = YES;
				CLANG_WARN_CONSTANT_CONVERSION = YES;
				CLANG_WARN_DEPRECATED_OBJC_IMPLEMENTATIONS = YES;
				CLANG_WARN_DIRECT_OBJC_ISA_USAGE = YES_ERROR;
				CLANG_WARN_DOCUMENTATION_COMMENTS = YES;
				CLANG_WARN_EMPTY_BODY = YES;
				CLANG_WARN_ENUM_CONVERSION = YES;
				CLANG_WARN_INFINITE_RECURSION = YES;
				CLANG_WARN_INT_CONVERSION = YES;
				CLANG_WARN_NON_LITERAL_NULL_CONVERSION = YES;
				CLANG_WARN_OBJC_IMPLICIT_RETAIN_SELF = YES;
				CLANG_WARN_OBJC_LITERAL_CONVERSION = YES;
				CLANG_WARN_OBJC_ROOT_CLASS = YES_ERROR;
				CLANG_WARN_RANGE_LOOP_ANALYSIS = YES;
				CLANG_WARN_STRICT_PROTOTYPES = YES;
				CLANG_WARN_SUSPICIOUS_MOVE = YES;
				CLANG_WARN_UNGUARDED_AVAILABILITY = YES_AGGRESSIVE;
				CLANG_WARN_UNREACHABLE_CODE = YES;
				CLANG_WARN__DUPLICATE_METHOD_MATCH = YES;
				CODE_SIGN_IDENTITY = "iPhone Developer";
				COPY_PHASE_STRIP = NO;
				DEBUG_INFORMATION_FORMAT = dwarf;
				ENABLE_STRICT_OBJC_MSGSEND = YES;
				ENABLE_TESTABILITY = YES;
				GCC_C_LANGUAGE_STANDARD = gnu11;
				GCC_DYNAMIC_NO_PIC = NO;
				GCC_NO_COMMON_BLOCKS = YES;
				GCC_OPTIMIZATION_LEVEL = 0;
				GCC_PREPROCESSOR_DEFINITIONS = (
					"DEBUG=1",
					"$(inherited)",
				);
				GCC_WARN_64_TO_32_BIT_CONVERSION = YES;
				GCC_WARN_ABOUT_RETURN_TYPE = YES_ERROR;
				GCC_WARN_UNDECLARED_SELECTOR = YES;
				GCC_WARN_UNINITIALIZED_AUTOS = YES_AGGRESSIVE;
				GCC_WARN_UNUSED_FUNCTION = YES;
				GCC_WARN_UNUSED_VARIABLE = YES;
				IPHONEOS_DEPLOYMENT_TARGET = 13.0;
				MTL_ENABLE_DEBUG_INFO = INCLUDE_SOURCE;
				MTL_FAST_MATH = YES;
				ONLY_ACTIVE_ARCH = YES;
				SDKROOT = iphoneos;
				SWIFT_ACTIVE_COMPILATION_CONDITIONS = DEBUG;
				SWIFT_OPTIMIZATION_LEVEL = "-Onone";
			};
			name = Debug;
		};
		04D9DAD422B57D8A002C59E5 /* Release */ = {
			isa = XCBuildConfiguration;
			buildSettings = {
				ALWAYS_SEARCH_USER_PATHS = NO;
				ASSETCATALOG_COMPILER_LAUNCHIMAGE_NAME = "";
				CLANG_ANALYZER_LOCALIZABILITY_NONLOCALIZED = YES;
				CLANG_ANALYZER_NONNULL = YES;
				CLANG_ANALYZER_NUMBER_OBJECT_CONVERSION = YES_AGGRESSIVE;
				CLANG_CXX_LANGUAGE_STANDARD = "gnu++14";
				CLANG_CXX_LIBRARY = "libc++";
				CLANG_ENABLE_MODULES = YES;
				CLANG_ENABLE_OBJC_ARC = YES;
				CLANG_ENABLE_OBJC_WEAK = YES;
				CLANG_WARN_BLOCK_CAPTURE_AUTORELEASING = YES;
				CLANG_WARN_BOOL_CONVERSION = YES;
				CLANG_WARN_COMMA = YES;
				CLANG_WARN_CONSTANT_CONVERSION = YES;
				CLANG_WARN_DEPRECATED_OBJC_IMPLEMENTATIONS = YES;
				CLANG_WARN_DIRECT_OBJC_ISA_USAGE = YES_ERROR;
				CLANG_WARN_DOCUMENTATION_COMMENTS = YES;
				CLANG_WARN_EMPTY_BODY = YES;
				CLANG_WARN_ENUM_CONVERSION = YES;
				CLANG_WARN_INFINITE_RECURSION = YES;
				CLANG_WARN_INT_CONVERSION = YES;
				CLANG_WARN_NON_LITERAL_NULL_CONVERSION = YES;
				CLANG_WARN_OBJC_IMPLICIT_RETAIN_SELF = YES;
				CLANG_WARN_OBJC_LITERAL_CONVERSION = YES;
				CLANG_WARN_OBJC_ROOT_CLASS = YES_ERROR;
				CLANG_WARN_RANGE_LOOP_ANALYSIS = YES;
				CLANG_WARN_STRICT_PROTOTYPES = YES;
				CLANG_WARN_SUSPICIOUS_MOVE = YES;
				CLANG_WARN_UNGUARDED_AVAILABILITY = YES_AGGRESSIVE;
				CLANG_WARN_UNREACHABLE_CODE = YES;
				CLANG_WARN__DUPLICATE_METHOD_MATCH = YES;
				CODE_SIGN_IDENTITY = "iPhone Developer";
				COPY_PHASE_STRIP = NO;
				DEBUG_INFORMATION_FORMAT = "dwarf-with-dsym";
				ENABLE_NS_ASSERTIONS = NO;
				ENABLE_STRICT_OBJC_MSGSEND = YES;
				GCC_C_LANGUAGE_STANDARD = gnu11;
				GCC_NO_COMMON_BLOCKS = YES;
				GCC_WARN_64_TO_32_BIT_CONVERSION = YES;
				GCC_WARN_ABOUT_RETURN_TYPE = YES_ERROR;
				GCC_WARN_UNDECLARED_SELECTOR = YES;
				GCC_WARN_UNINITIALIZED_AUTOS = YES_AGGRESSIVE;
				GCC_WARN_UNUSED_FUNCTION = YES;
				GCC_WARN_UNUSED_VARIABLE = YES;
				IPHONEOS_DEPLOYMENT_TARGET = 13.0;
				MTL_ENABLE_DEBUG_INFO = NO;
				MTL_FAST_MATH = YES;
				SDKROOT = iphoneos;
				SWIFT_COMPILATION_MODE = wholemodule;
				SWIFT_OPTIMIZATION_LEVEL = "-O";
				VALIDATE_PRODUCT = YES;
			};
			name = Release;
		};
		04D9DAD622B57D8A002C59E5 /* Debug */ = {
			isa = XCBuildConfiguration;
			baseConfigurationReference = 5C64277AA255D4B73834D58B /* Pods-SpidersAttend.debug.xcconfig */;
			buildSettings = {
				ASSETCATALOG_COMPILER_APPICON_NAME = AppIcon;
				CLANG_ENABLE_MODULES = YES;
				CODE_SIGN_STYLE = Automatic;
				DEVELOPMENT_TEAM = 3GMBNU7MC9;
				INFOPLIST_FILE = SpidersAttend/Info.plist;
				LD_RUNPATH_SEARCH_PATHS = (
					"$(inherited)",
					"@executable_path/Frameworks",
				);
				PRODUCT_BUNDLE_IDENTIFIER = Brandeda.SpidersAttend;
				PRODUCT_NAME = "$(TARGET_NAME)";
				SWIFT_OPTIMIZATION_LEVEL = "-Onone";
				SWIFT_VERSION = 5.0;
				TARGETED_DEVICE_FAMILY = 1;
			};
			name = Debug;
		};
		04D9DAD722B57D8A002C59E5 /* Release */ = {
			isa = XCBuildConfiguration;
			baseConfigurationReference = 539CA3F60E553A5F522A8BB8 /* Pods-SpidersAttend.release.xcconfig */;
			buildSettings = {
				ASSETCATALOG_COMPILER_APPICON_NAME = AppIcon;
				CLANG_ENABLE_MODULES = YES;
				CODE_SIGN_STYLE = Automatic;
				DEVELOPMENT_TEAM = 3GMBNU7MC9;
				INFOPLIST_FILE = SpidersAttend/Info.plist;
				LD_RUNPATH_SEARCH_PATHS = (
					"$(inherited)",
					"@executable_path/Frameworks",
				);
				PRODUCT_BUNDLE_IDENTIFIER = Brandeda.SpidersAttend;
				PRODUCT_NAME = "$(TARGET_NAME)";
				SWIFT_VERSION = 5.0;
				TARGETED_DEVICE_FAMILY = 1;
			};
			name = Release;
		};
		04D9DAD922B57D8A002C59E5 /* Debug */ = {
			isa = XCBuildConfiguration;
			baseConfigurationReference = 47A2E42035885804893947EF /* Pods-SpidersAttendTests.debug.xcconfig */;
			buildSettings = {
				ALWAYS_EMBED_SWIFT_STANDARD_LIBRARIES = YES;
				BUNDLE_LOADER = "$(TEST_HOST)";
				CODE_SIGN_STYLE = Automatic;
				DEVELOPMENT_TEAM = 3GMBNU7MC9;
				INFOPLIST_FILE = SpidersAttendTests/Info.plist;
				LD_RUNPATH_SEARCH_PATHS = (
					"$(inherited)",
					"@executable_path/Frameworks",
					"@loader_path/Frameworks",
				);
				PRODUCT_BUNDLE_IDENTIFIER = Brandeda.SpidersAttendTests;
				PRODUCT_NAME = "$(TARGET_NAME)";
				SWIFT_VERSION = 5.0;
				TARGETED_DEVICE_FAMILY = "1,2";
				TEST_HOST = "$(BUILT_PRODUCTS_DIR)/SpidersAttend.app/SpidersAttend";
			};
			name = Debug;
		};
		04D9DADA22B57D8A002C59E5 /* Release */ = {
			isa = XCBuildConfiguration;
			baseConfigurationReference = 50DD9F26370941BDC01C5A1F /* Pods-SpidersAttendTests.release.xcconfig */;
			buildSettings = {
				ALWAYS_EMBED_SWIFT_STANDARD_LIBRARIES = YES;
				BUNDLE_LOADER = "$(TEST_HOST)";
				CODE_SIGN_STYLE = Automatic;
				DEVELOPMENT_TEAM = 3GMBNU7MC9;
				INFOPLIST_FILE = SpidersAttendTests/Info.plist;
				LD_RUNPATH_SEARCH_PATHS = (
					"$(inherited)",
					"@executable_path/Frameworks",
					"@loader_path/Frameworks",
				);
				PRODUCT_BUNDLE_IDENTIFIER = Brandeda.SpidersAttendTests;
				PRODUCT_NAME = "$(TARGET_NAME)";
				SWIFT_VERSION = 5.0;
				TARGETED_DEVICE_FAMILY = "1,2";
				TEST_HOST = "$(BUILT_PRODUCTS_DIR)/SpidersAttend.app/SpidersAttend";
			};
			name = Release;
		};
		04D9DADC22B57D8A002C59E5 /* Debug */ = {
			isa = XCBuildConfiguration;
			baseConfigurationReference = 074D9C217CD8BCDA9941A06E /* Pods-SpidersAttendUITests.debug.xcconfig */;
			buildSettings = {
				ALWAYS_EMBED_SWIFT_STANDARD_LIBRARIES = YES;
				CODE_SIGN_STYLE = Automatic;
				DEVELOPMENT_TEAM = 3GMBNU7MC9;
				INFOPLIST_FILE = SpidersAttendUITests/Info.plist;
				LD_RUNPATH_SEARCH_PATHS = (
					"$(inherited)",
					"@executable_path/Frameworks",
					"@loader_path/Frameworks",
				);
				PRODUCT_BUNDLE_IDENTIFIER = Brandeda.SpidersAttendUITests;
				PRODUCT_NAME = "$(TARGET_NAME)";
				SWIFT_VERSION = 5.0;
				TARGETED_DEVICE_FAMILY = "1,2";
				TEST_TARGET_NAME = SpidersAttend;
			};
			name = Debug;
		};
		04D9DADD22B57D8A002C59E5 /* Release */ = {
			isa = XCBuildConfiguration;
			baseConfigurationReference = D082345CA561664EB5443E29 /* Pods-SpidersAttendUITests.release.xcconfig */;
			buildSettings = {
				ALWAYS_EMBED_SWIFT_STANDARD_LIBRARIES = YES;
				CODE_SIGN_STYLE = Automatic;
				DEVELOPMENT_TEAM = 3GMBNU7MC9;
				INFOPLIST_FILE = SpidersAttendUITests/Info.plist;
				LD_RUNPATH_SEARCH_PATHS = (
					"$(inherited)",
					"@executable_path/Frameworks",
					"@loader_path/Frameworks",
				);
				PRODUCT_BUNDLE_IDENTIFIER = Brandeda.SpidersAttendUITests;
				PRODUCT_NAME = "$(TARGET_NAME)";
				SWIFT_VERSION = 5.0;
				TARGETED_DEVICE_FAMILY = "1,2";
				TEST_TARGET_NAME = SpidersAttend;
			};
			name = Release;
		};
/* End XCBuildConfiguration section */

/* Begin XCConfigurationList section */
		04D9DAA822B57D88002C59E5 /* Build configuration list for PBXProject "SpidersAttend" */ = {
			isa = XCConfigurationList;
			buildConfigurations = (
				04D9DAD322B57D8A002C59E5 /* Debug */,
				04D9DAD422B57D8A002C59E5 /* Release */,
			);
			defaultConfigurationIsVisible = 0;
			defaultConfigurationName = Release;
		};
		04D9DAD522B57D8A002C59E5 /* Build configuration list for PBXNativeTarget "SpidersAttend" */ = {
			isa = XCConfigurationList;
			buildConfigurations = (
				04D9DAD622B57D8A002C59E5 /* Debug */,
				04D9DAD722B57D8A002C59E5 /* Release */,
			);
			defaultConfigurationIsVisible = 0;
			defaultConfigurationName = Release;
		};
		04D9DAD822B57D8A002C59E5 /* Build configuration list for PBXNativeTarget "SpidersAttendTests" */ = {
			isa = XCConfigurationList;
			buildConfigurations = (
				04D9DAD922B57D8A002C59E5 /* Debug */,
				04D9DADA22B57D8A002C59E5 /* Release */,
			);
			defaultConfigurationIsVisible = 0;
			defaultConfigurationName = Release;
		};
		04D9DADB22B57D8A002C59E5 /* Build configuration list for PBXNativeTarget "SpidersAttendUITests" */ = {
			isa = XCConfigurationList;
			buildConfigurations = (
				04D9DADC22B57D8A002C59E5 /* Debug */,
				04D9DADD22B57D8A002C59E5 /* Release */,
			);
			defaultConfigurationIsVisible = 0;
			defaultConfigurationName = Release;
		};
/* End XCConfigurationList section */
	};
	rootObject = 04D9DAA522B57D88002C59E5 /* Project object */;
}
